// !$*UTF8*$!
{
	archiveVersion = 1;
	classes = {
	};
	objectVersion = 50;
	objects = {

/* Begin PBXBuildFile section */
		9C0FC7BF24B185C00063F002 /* VideoCell.swift in Sources */ = {isa = PBXBuildFile; fileRef = 9C0FC7BE24B185C00063F002 /* VideoCell.swift */; };
		9C4437B024AAD8A2002A0BFA /* AppDelegate.swift in Sources */ = {isa = PBXBuildFile; fileRef = 9C4437AF24AAD8A2002A0BFA /* AppDelegate.swift */; };
		9C4437B224AAD8A2002A0BFA /* SceneDelegate.swift in Sources */ = {isa = PBXBuildFile; fileRef = 9C4437B124AAD8A2002A0BFA /* SceneDelegate.swift */; };
		9C4437B924AAD8A4002A0BFA /* Assets.xcassets in Resources */ = {isa = PBXBuildFile; fileRef = 9C4437B824AAD8A4002A0BFA /* Assets.xcassets */; };
		9C4437BC24AAD8A4002A0BFA /* LaunchScreen.storyboard in Resources */ = {isa = PBXBuildFile; fileRef = 9C4437BA24AAD8A4002A0BFA /* LaunchScreen.storyboard */; };
		9C7434AE24AED5C500479D52 /* NavigationBar.swift in Sources */ = {isa = PBXBuildFile; fileRef = 9C7434AD24AED5C500479D52 /* NavigationBar.swift */; };
		9C7434B024AEDC2800479D52 /* HighlightingButton.swift in Sources */ = {isa = PBXBuildFile; fileRef = 9C7434AF24AEDC2800479D52 /* HighlightingButton.swift */; };
		9CB05E6824B194E200500EDC /* VideoCellReactor.swift in Sources */ = {isa = PBXBuildFile; fileRef = 9CB05E6724B194E200500EDC /* VideoCellReactor.swift */; };
		9CB05E6A24B196C600500EDC /* BaseTableViewCell.swift in Sources */ = {isa = PBXBuildFile; fileRef = 9CB05E6924B196C600500EDC /* BaseTableViewCell.swift */; };
		9CC3E51424AB6B52003EE1AF /* MainTabBuilder.swift in Sources */ = {isa = PBXBuildFile; fileRef = 9CC3E51024AB6B52003EE1AF /* MainTabBuilder.swift */; };
		9CC3E51524AB6B52003EE1AF /* MainTabInteractor.swift in Sources */ = {isa = PBXBuildFile; fileRef = 9CC3E51124AB6B52003EE1AF /* MainTabInteractor.swift */; };
		9CC3E51624AB6B52003EE1AF /* MainTabViewController.swift in Sources */ = {isa = PBXBuildFile; fileRef = 9CC3E51224AB6B52003EE1AF /* MainTabViewController.swift */; };
		9CC3E51724AB6B52003EE1AF /* MainTabRouter.swift in Sources */ = {isa = PBXBuildFile; fileRef = 9CC3E51324AB6B52003EE1AF /* MainTabRouter.swift */; };
		9CC3E51924AB6B62003EE1AF /* RootComponent+MainTab.swift in Sources */ = {isa = PBXBuildFile; fileRef = 9CC3E51824AB6B61003EE1AF /* RootComponent+MainTab.swift */; };
		9CC3E51F24AC2850003EE1AF /* HomeRouter.swift in Sources */ = {isa = PBXBuildFile; fileRef = 9CC3E51B24AC2850003EE1AF /* HomeRouter.swift */; };
		9CC3E52024AC2850003EE1AF /* HomeViewController.swift in Sources */ = {isa = PBXBuildFile; fileRef = 9CC3E51C24AC2850003EE1AF /* HomeViewController.swift */; };
		9CC3E52124AC2850003EE1AF /* HomeBuilder.swift in Sources */ = {isa = PBXBuildFile; fileRef = 9CC3E51D24AC2850003EE1AF /* HomeBuilder.swift */; };
		9CC3E52224AC2850003EE1AF /* HomeInteractor.swift in Sources */ = {isa = PBXBuildFile; fileRef = 9CC3E51E24AC2850003EE1AF /* HomeInteractor.swift */; };
		9CC3E52424AC286F003EE1AF /* MainTabComponent+Home.swift in Sources */ = {isa = PBXBuildFile; fileRef = 9CC3E52324AC286F003EE1AF /* MainTabComponent+Home.swift */; };
		9CC3E52D24ACAC82003EE1AF /* SplashRouter.swift in Sources */ = {isa = PBXBuildFile; fileRef = 9CC3E52924ACAC82003EE1AF /* SplashRouter.swift */; };
		9CC3E52E24ACAC82003EE1AF /* SplashViewController.swift in Sources */ = {isa = PBXBuildFile; fileRef = 9CC3E52A24ACAC82003EE1AF /* SplashViewController.swift */; };
		9CC3E52F24ACAC82003EE1AF /* SplashBuilder.swift in Sources */ = {isa = PBXBuildFile; fileRef = 9CC3E52B24ACAC82003EE1AF /* SplashBuilder.swift */; };
		9CC3E53024ACAC82003EE1AF /* SplashInteractor.swift in Sources */ = {isa = PBXBuildFile; fileRef = 9CC3E52C24ACAC82003EE1AF /* SplashInteractor.swift */; };
		9CC3E53224ACAC9F003EE1AF /* RootComponent+Splash.swift in Sources */ = {isa = PBXBuildFile; fileRef = 9CC3E53124ACAC9F003EE1AF /* RootComponent+Splash.swift */; };
		9CC3E53624AD7838003EE1AF /* UINavigationController+.swift in Sources */ = {isa = PBXBuildFile; fileRef = 9CC3E53424ACBFF4003EE1AF /* UINavigationController+.swift */; };
		9CE7006B24B07A79001E4488 /* 5317.mp4 in Resources */ = {isa = PBXBuildFile; fileRef = 9CE7006824B07A75001E4488 /* 5317.mp4 */; };
		9CE7006C24B07A79001E4488 /* 10001.mp4 in Resources */ = {isa = PBXBuildFile; fileRef = 9CE7006424B07A74001E4488 /* 10001.mp4 */; };
		9CE7006D24B07A79001E4488 /* 21475.mp4 in Resources */ = {isa = PBXBuildFile; fileRef = 9CE7006324B07A74001E4488 /* 21475.mp4 */; };
		9CE7006E24B07A79001E4488 /* 25445.mp4 in Resources */ = {isa = PBXBuildFile; fileRef = 9CE7006524B07A74001E4488 /* 25445.mp4 */; };
		9CE7006F24B07A79001E4488 /* 28368.mp4 in Resources */ = {isa = PBXBuildFile; fileRef = 9CE7006A24B07A76001E4488 /* 28368.mp4 */; };
		9CE7007024B07A79001E4488 /* 35866.mp4 in Resources */ = {isa = PBXBuildFile; fileRef = 9CE7006624B07A75001E4488 /* 35866.mp4 */; };
		9CE7007124B07A79001E4488 /* 35881.mp4 in Resources */ = {isa = PBXBuildFile; fileRef = 9CE7006924B07A75001E4488 /* 35881.mp4 */; };
		9CE7007224B07A79001E4488 /* 41170.mp4 in Resources */ = {isa = PBXBuildFile; fileRef = 9CE7006724B07A75001E4488 /* 41170.mp4 */; };
		9CE7007B24B07A89001E4488 /* 35881.png in Resources */ = {isa = PBXBuildFile; fileRef = 9CE7007324B07A88001E4488 /* 35881.png */; };
		9CE7007C24B07A89001E4488 /* 25445.png in Resources */ = {isa = PBXBuildFile; fileRef = 9CE7007424B07A88001E4488 /* 25445.png */; };
		9CE7007D24B07A89001E4488 /* 28368.png in Resources */ = {isa = PBXBuildFile; fileRef = 9CE7007524B07A88001E4488 /* 28368.png */; };
		9CE7007E24B07A89001E4488 /* 10001.png in Resources */ = {isa = PBXBuildFile; fileRef = 9CE7007624B07A88001E4488 /* 10001.png */; };
		9CE7007F24B07A89001E4488 /* 41170.png in Resources */ = {isa = PBXBuildFile; fileRef = 9CE7007724B07A88001E4488 /* 41170.png */; };
		9CE7008024B07A89001E4488 /* 21475.png in Resources */ = {isa = PBXBuildFile; fileRef = 9CE7007824B07A89001E4488 /* 21475.png */; };
		9CE7008124B07A89001E4488 /* 5317.png in Resources */ = {isa = PBXBuildFile; fileRef = 9CE7007924B07A89001E4488 /* 5317.png */; };
		9CE7008224B07A89001E4488 /* 35866.png in Resources */ = {isa = PBXBuildFile; fileRef = 9CE7007A24B07A89001E4488 /* 35866.png */; };
		9CE7008524B07AB6001E4488 /* VideoService.swift in Sources */ = {isa = PBXBuildFile; fileRef = 9CE7008424B07AB6001E4488 /* VideoService.swift */; };
		9CE7008724B07ABB001E4488 /* Video.swift in Sources */ = {isa = PBXBuildFile; fileRef = 9CE7008624B07ABB001E4488 /* Video.swift */; };
		9CEE727D24AADC2E00F649EC /* ProModule.framework in Frameworks */ = {isa = PBXBuildFile; fileRef = 9CEE727C24AADC2E00F649EC /* ProModule.framework */; };
		9CEE727E24AADC2E00F649EC /* ProModule.framework in Embed Frameworks */ = {isa = PBXBuildFile; fileRef = 9CEE727C24AADC2E00F649EC /* ProModule.framework */; settings = {ATTRIBUTES = (CodeSignOnCopy, RemoveHeadersOnCopy, ); }; };
		9CEE729124AAE48300F649EC /* AppComponent.swift in Sources */ = {isa = PBXBuildFile; fileRef = 9CEE729024AAE48300F649EC /* AppComponent.swift */; };
		9CEE729824AAE50700F649EC /* RootRouter.swift in Sources */ = {isa = PBXBuildFile; fileRef = 9CEE729424AAE50700F649EC /* RootRouter.swift */; };
		9CEE729924AAE50700F649EC /* RootViewController.swift in Sources */ = {isa = PBXBuildFile; fileRef = 9CEE729524AAE50700F649EC /* RootViewController.swift */; };
		9CEE729A24AAE50700F649EC /* RootBuilder.swift in Sources */ = {isa = PBXBuildFile; fileRef = 9CEE729624AAE50700F649EC /* RootBuilder.swift */; };
		9CEE729B24AAE50700F649EC /* RootInteractor.swift in Sources */ = {isa = PBXBuildFile; fileRef = 9CEE729724AAE50700F649EC /* RootInteractor.swift */; };
		9CEF7AFD24B5FC59008A95A2 /* CustomActivityIndicator.swift in Sources */ = {isa = PBXBuildFile; fileRef = 9CEF7AFC24B5FC59008A95A2 /* CustomActivityIndicator.swift */; };
		9CFDA61724B40C2C00097BF0 /* BaseViewController.swift in Sources */ = {isa = PBXBuildFile; fileRef = 9CFDA61624B40C2C00097BF0 /* BaseViewController.swift */; };
/* End PBXBuildFile section */

/* Begin PBXCopyFilesBuildPhase section */
		9CEE727F24AADC2E00F649EC /* Embed Frameworks */ = {
			isa = PBXCopyFilesBuildPhase;
			buildActionMask = 2147483647;
			dstPath = "";
			dstSubfolderSpec = 10;
			files = (
				9CEE727E24AADC2E00F649EC /* ProModule.framework in Embed Frameworks */,
			);
			name = "Embed Frameworks";
			runOnlyForDeploymentPostprocessing = 0;
		};
/* End PBXCopyFilesBuildPhase section */

/* Begin PBXFileReference section */
		9C0FC7BE24B185C00063F002 /* VideoCell.swift */ = {isa = PBXFileReference; lastKnownFileType = sourcecode.swift; path = VideoCell.swift; sourceTree = "<group>"; };
		9C4437AC24AAD8A2002A0BFA /* YoutubeExample.app */ = {isa = PBXFileReference; explicitFileType = wrapper.application; includeInIndex = 0; path = YoutubeExample.app; sourceTree = BUILT_PRODUCTS_DIR; };
		9C4437AF24AAD8A2002A0BFA /* AppDelegate.swift */ = {isa = PBXFileReference; lastKnownFileType = sourcecode.swift; path = AppDelegate.swift; sourceTree = "<group>"; };
		9C4437B124AAD8A2002A0BFA /* SceneDelegate.swift */ = {isa = PBXFileReference; lastKnownFileType = sourcecode.swift; path = SceneDelegate.swift; sourceTree = "<group>"; };
		9C4437B824AAD8A4002A0BFA /* Assets.xcassets */ = {isa = PBXFileReference; lastKnownFileType = folder.assetcatalog; path = Assets.xcassets; sourceTree = "<group>"; };
		9C4437BB24AAD8A4002A0BFA /* Base */ = {isa = PBXFileReference; lastKnownFileType = file.storyboard; name = Base; path = Base.lproj/LaunchScreen.storyboard; sourceTree = "<group>"; };
		9C4437BD24AAD8A4002A0BFA /* Info.plist */ = {isa = PBXFileReference; lastKnownFileType = text.plist.xml; path = Info.plist; sourceTree = "<group>"; };
		9C7434AD24AED5C500479D52 /* NavigationBar.swift */ = {isa = PBXFileReference; fileEncoding = 4; lastKnownFileType = sourcecode.swift; path = NavigationBar.swift; sourceTree = "<group>"; };
		9C7434AF24AEDC2800479D52 /* HighlightingButton.swift */ = {isa = PBXFileReference; lastKnownFileType = sourcecode.swift; path = HighlightingButton.swift; sourceTree = "<group>"; };
		9CB05E6724B194E200500EDC /* VideoCellReactor.swift */ = {isa = PBXFileReference; lastKnownFileType = sourcecode.swift; path = VideoCellReactor.swift; sourceTree = "<group>"; };
		9CB05E6924B196C600500EDC /* BaseTableViewCell.swift */ = {isa = PBXFileReference; fileEncoding = 4; lastKnownFileType = sourcecode.swift; path = BaseTableViewCell.swift; sourceTree = "<group>"; };
		9CC3E51024AB6B52003EE1AF /* MainTabBuilder.swift */ = {isa = PBXFileReference; fileEncoding = 4; lastKnownFileType = sourcecode.swift; path = MainTabBuilder.swift; sourceTree = "<group>"; };
		9CC3E51124AB6B52003EE1AF /* MainTabInteractor.swift */ = {isa = PBXFileReference; fileEncoding = 4; lastKnownFileType = sourcecode.swift; path = MainTabInteractor.swift; sourceTree = "<group>"; };
		9CC3E51224AB6B52003EE1AF /* MainTabViewController.swift */ = {isa = PBXFileReference; fileEncoding = 4; lastKnownFileType = sourcecode.swift; path = MainTabViewController.swift; sourceTree = "<group>"; };
		9CC3E51324AB6B52003EE1AF /* MainTabRouter.swift */ = {isa = PBXFileReference; fileEncoding = 4; lastKnownFileType = sourcecode.swift; path = MainTabRouter.swift; sourceTree = "<group>"; };
		9CC3E51824AB6B61003EE1AF /* RootComponent+MainTab.swift */ = {isa = PBXFileReference; fileEncoding = 4; lastKnownFileType = sourcecode.swift; path = "RootComponent+MainTab.swift"; sourceTree = "<group>"; };
		9CC3E51B24AC2850003EE1AF /* HomeRouter.swift */ = {isa = PBXFileReference; lastKnownFileType = sourcecode.swift; path = HomeRouter.swift; sourceTree = "<group>"; };
		9CC3E51C24AC2850003EE1AF /* HomeViewController.swift */ = {isa = PBXFileReference; lastKnownFileType = sourcecode.swift; path = HomeViewController.swift; sourceTree = "<group>"; };
		9CC3E51D24AC2850003EE1AF /* HomeBuilder.swift */ = {isa = PBXFileReference; lastKnownFileType = sourcecode.swift; path = HomeBuilder.swift; sourceTree = "<group>"; };
		9CC3E51E24AC2850003EE1AF /* HomeInteractor.swift */ = {isa = PBXFileReference; lastKnownFileType = sourcecode.swift; path = HomeInteractor.swift; sourceTree = "<group>"; };
		9CC3E52324AC286F003EE1AF /* MainTabComponent+Home.swift */ = {isa = PBXFileReference; lastKnownFileType = sourcecode.swift; path = "MainTabComponent+Home.swift"; sourceTree = "<group>"; };
		9CC3E52924ACAC82003EE1AF /* SplashRouter.swift */ = {isa = PBXFileReference; lastKnownFileType = sourcecode.swift; path = SplashRouter.swift; sourceTree = "<group>"; };
		9CC3E52A24ACAC82003EE1AF /* SplashViewController.swift */ = {isa = PBXFileReference; lastKnownFileType = sourcecode.swift; path = SplashViewController.swift; sourceTree = "<group>"; };
		9CC3E52B24ACAC82003EE1AF /* SplashBuilder.swift */ = {isa = PBXFileReference; lastKnownFileType = sourcecode.swift; path = SplashBuilder.swift; sourceTree = "<group>"; };
		9CC3E52C24ACAC82003EE1AF /* SplashInteractor.swift */ = {isa = PBXFileReference; lastKnownFileType = sourcecode.swift; path = SplashInteractor.swift; sourceTree = "<group>"; };
		9CC3E53124ACAC9F003EE1AF /* RootComponent+Splash.swift */ = {isa = PBXFileReference; lastKnownFileType = sourcecode.swift; path = "RootComponent+Splash.swift"; sourceTree = "<group>"; };
		9CC3E53424ACBFF4003EE1AF /* UINavigationController+.swift */ = {isa = PBXFileReference; lastKnownFileType = sourcecode.swift; path = "UINavigationController+.swift"; sourceTree = "<group>"; };
		9CE7006324B07A74001E4488 /* 21475.mp4 */ = {isa = PBXFileReference; lastKnownFileType = file; path = 21475.mp4; sourceTree = "<group>"; };
		9CE7006424B07A74001E4488 /* 10001.mp4 */ = {isa = PBXFileReference; lastKnownFileType = file; path = 10001.mp4; sourceTree = "<group>"; };
		9CE7006524B07A74001E4488 /* 25445.mp4 */ = {isa = PBXFileReference; lastKnownFileType = file; path = 25445.mp4; sourceTree = "<group>"; };
		9CE7006624B07A75001E4488 /* 35866.mp4 */ = {isa = PBXFileReference; lastKnownFileType = file; path = 35866.mp4; sourceTree = "<group>"; };
		9CE7006724B07A75001E4488 /* 41170.mp4 */ = {isa = PBXFileReference; lastKnownFileType = file; path = 41170.mp4; sourceTree = "<group>"; };
		9CE7006824B07A75001E4488 /* 5317.mp4 */ = {isa = PBXFileReference; lastKnownFileType = file; path = 5317.mp4; sourceTree = "<group>"; };
		9CE7006924B07A75001E4488 /* 35881.mp4 */ = {isa = PBXFileReference; lastKnownFileType = file; path = 35881.mp4; sourceTree = "<group>"; };
		9CE7006A24B07A76001E4488 /* 28368.mp4 */ = {isa = PBXFileReference; lastKnownFileType = file; path = 28368.mp4; sourceTree = "<group>"; };
		9CE7007324B07A88001E4488 /* 35881.png */ = {isa = PBXFileReference; lastKnownFileType = image.png; path = 35881.png; sourceTree = "<group>"; };
		9CE7007424B07A88001E4488 /* 25445.png */ = {isa = PBXFileReference; lastKnownFileType = image.png; path = 25445.png; sourceTree = "<group>"; };
		9CE7007524B07A88001E4488 /* 28368.png */ = {isa = PBXFileReference; lastKnownFileType = image.png; path = 28368.png; sourceTree = "<group>"; };
		9CE7007624B07A88001E4488 /* 10001.png */ = {isa = PBXFileReference; lastKnownFileType = image.png; path = 10001.png; sourceTree = "<group>"; };
		9CE7007724B07A88001E4488 /* 41170.png */ = {isa = PBXFileReference; lastKnownFileType = image.png; path = 41170.png; sourceTree = "<group>"; };
		9CE7007824B07A89001E4488 /* 21475.png */ = {isa = PBXFileReference; lastKnownFileType = image.png; path = 21475.png; sourceTree = "<group>"; };
		9CE7007924B07A89001E4488 /* 5317.png */ = {isa = PBXFileReference; lastKnownFileType = image.png; path = 5317.png; sourceTree = "<group>"; };
		9CE7007A24B07A89001E4488 /* 35866.png */ = {isa = PBXFileReference; lastKnownFileType = image.png; path = 35866.png; sourceTree = "<group>"; };
		9CE7008424B07AB6001E4488 /* VideoService.swift */ = {isa = PBXFileReference; fileEncoding = 4; lastKnownFileType = sourcecode.swift; path = VideoService.swift; sourceTree = "<group>"; };
		9CE7008624B07ABB001E4488 /* Video.swift */ = {isa = PBXFileReference; fileEncoding = 4; lastKnownFileType = sourcecode.swift; path = Video.swift; sourceTree = "<group>"; };
		9CEE727C24AADC2E00F649EC /* ProModule.framework */ = {isa = PBXFileReference; explicitFileType = wrapper.framework; path = ProModule.framework; sourceTree = BUILT_PRODUCTS_DIR; };
		9CEE729024AAE48300F649EC /* AppComponent.swift */ = {isa = PBXFileReference; fileEncoding = 4; lastKnownFileType = sourcecode.swift; path = AppComponent.swift; sourceTree = "<group>"; };
		9CEE729424AAE50700F649EC /* RootRouter.swift */ = {isa = PBXFileReference; lastKnownFileType = sourcecode.swift; path = RootRouter.swift; sourceTree = "<group>"; };
		9CEE729524AAE50700F649EC /* RootViewController.swift */ = {isa = PBXFileReference; lastKnownFileType = sourcecode.swift; path = RootViewController.swift; sourceTree = "<group>"; };
		9CEE729624AAE50700F649EC /* RootBuilder.swift */ = {isa = PBXFileReference; lastKnownFileType = sourcecode.swift; path = RootBuilder.swift; sourceTree = "<group>"; };
		9CEE729724AAE50700F649EC /* RootInteractor.swift */ = {isa = PBXFileReference; lastKnownFileType = sourcecode.swift; path = RootInteractor.swift; sourceTree = "<group>"; };
		9CFDA61624B40C2C00097BF0 /* BaseViewController.swift */ = {isa = PBXFileReference; lastKnownFileType = sourcecode.swift; path = BaseViewController.swift; sourceTree = "<group>"; };
		9CEF7AFC24B5FC59008A95A2 /* CustomActivityIndicator.swift */ = {isa = PBXFileReference; lastKnownFileType = sourcecode.swift; path = CustomActivityIndicator.swift; sourceTree = "<group>"; };
/* End PBXFileReference section */

/* Begin PBXFrameworksBuildPhase section */
		9C4437A924AAD8A2002A0BFA /* Frameworks */ = {
			isa = PBXFrameworksBuildPhase;
			buildActionMask = 2147483647;
			files = (
				9CEE727D24AADC2E00F649EC /* ProModule.framework in Frameworks */,
			);
			runOnlyForDeploymentPostprocessing = 0;
		};
/* End PBXFrameworksBuildPhase section */

/* Begin PBXGroup section */
		9C4437A324AAD8A2002A0BFA = {
			isa = PBXGroup;
			children = (
				9C4437AE24AAD8A2002A0BFA /* YoutubeExample */,
				9C4437AD24AAD8A2002A0BFA /* Products */,
				9CEE727B24AADC2E00F649EC /* Frameworks */,
			);
			sourceTree = "<group>";
		};
		9C4437AD24AAD8A2002A0BFA /* Products */ = {
			isa = PBXGroup;
			children = (
				9C4437AC24AAD8A2002A0BFA /* YoutubeExample.app */,
			);
			name = Products;
			sourceTree = "<group>";
		};
		9C4437AE24AAD8A2002A0BFA /* YoutubeExample */ = {
			isa = PBXGroup;
			children = (
				9CEE728F24AAE46200F649EC /* App */,
				9CC3E53324ACBFC7003EE1AF /* Extension */,
				9CC3E50224AB604B003EE1AF /* Model */,
				9CE7008324B07AB6001E4488 /* Service */,
				9CEE729224AAE4A600F649EC /* Scene */,
				9C7434AC24AED5C500479D52 /* View */,
				9CE7006024B07A56001E4488 /* Resource */,
				9C4437B824AAD8A4002A0BFA /* Assets.xcassets */,
				9C4437BA24AAD8A4002A0BFA /* LaunchScreen.storyboard */,
				9C4437BD24AAD8A4002A0BFA /* Info.plist */,
			);
			path = YoutubeExample;
			sourceTree = "<group>";
		};
		9C7434AC24AED5C500479D52 /* View */ = {
			isa = PBXGroup;
			children = (
				9CFDA61624B40C2C00097BF0 /* BaseViewController.swift */,
				9CB05E6924B196C600500EDC /* BaseTableViewCell.swift */,
				9C7434AD24AED5C500479D52 /* NavigationBar.swift */,
				9C7434AF24AEDC2800479D52 /* HighlightingButton.swift */,
				9CEF7AFC24B5FC59008A95A2 /* CustomActivityIndicator.swift */,
			);
			path = View;
			sourceTree = "<group>";
		};
		9CC3E50224AB604B003EE1AF /* Model */ = {
			isa = PBXGroup;
			children = (
				9CE7008624B07ABB001E4488 /* Video.swift */,
			);
			path = Model;
			sourceTree = "<group>";
		};
		9CC3E50F24AB6B52003EE1AF /* MainTab */ = {
			isa = PBXGroup;
			children = (
				9CC3E51324AB6B52003EE1AF /* MainTabRouter.swift */,
				9CC3E51124AB6B52003EE1AF /* MainTabInteractor.swift */,
				9CC3E51024AB6B52003EE1AF /* MainTabBuilder.swift */,
				9CC3E51224AB6B52003EE1AF /* MainTabViewController.swift */,
				9CC3E52324AC286F003EE1AF /* MainTabComponent+Home.swift */,
			);
			path = MainTab;
			sourceTree = "<group>";
		};
		9CC3E51A24AC281D003EE1AF /* Home */ = {
			isa = PBXGroup;
			children = (
				9CC3E51B24AC2850003EE1AF /* HomeRouter.swift */,
				9CC3E51E24AC2850003EE1AF /* HomeInteractor.swift */,
				9CC3E51D24AC2850003EE1AF /* HomeBuilder.swift */,
				9CC3E51C24AC2850003EE1AF /* HomeViewController.swift */,
				9C0FC7BE24B185C00063F002 /* VideoCell.swift */,
				9CB05E6724B194E200500EDC /* VideoCellReactor.swift */,
			);
			path = Home;
			sourceTree = "<group>";
		};
		9CC3E52824ACAC6F003EE1AF /* Splash */ = {
			isa = PBXGroup;
			children = (
				9CC3E52924ACAC82003EE1AF /* SplashRouter.swift */,
				9CC3E52C24ACAC82003EE1AF /* SplashInteractor.swift */,
				9CC3E52B24ACAC82003EE1AF /* SplashBuilder.swift */,
				9CC3E52A24ACAC82003EE1AF /* SplashViewController.swift */,
			);
			path = Splash;
			sourceTree = "<group>";
		};
		9CC3E53324ACBFC7003EE1AF /* Extension */ = {
			isa = PBXGroup;
			children = (
				9CC3E53424ACBFF4003EE1AF /* UINavigationController+.swift */,
			);
			path = Extension;
			sourceTree = "<group>";
		};
		9CE7006024B07A56001E4488 /* Resource */ = {
			isa = PBXGroup;
			children = (
				9CE7006224B07A68001E4488 /* Video */,
				9CE7006124B07A62001E4488 /* Thumbnail */,
			);
			path = Resource;
			sourceTree = "<group>";
		};
		9CE7006124B07A62001E4488 /* Thumbnail */ = {
			isa = PBXGroup;
			children = (
				9CE7007924B07A89001E4488 /* 5317.png */,
				9CE7007624B07A88001E4488 /* 10001.png */,
				9CE7007824B07A89001E4488 /* 21475.png */,
				9CE7007424B07A88001E4488 /* 25445.png */,
				9CE7007524B07A88001E4488 /* 28368.png */,
				9CE7007A24B07A89001E4488 /* 35866.png */,
				9CE7007324B07A88001E4488 /* 35881.png */,
				9CE7007724B07A88001E4488 /* 41170.png */,
			);
			path = Thumbnail;
			sourceTree = "<group>";
		};
		9CE7006224B07A68001E4488 /* Video */ = {
			isa = PBXGroup;
			children = (
				9CE7006824B07A75001E4488 /* 5317.mp4 */,
				9CE7006424B07A74001E4488 /* 10001.mp4 */,
				9CE7006324B07A74001E4488 /* 21475.mp4 */,
				9CE7006524B07A74001E4488 /* 25445.mp4 */,
				9CE7006A24B07A76001E4488 /* 28368.mp4 */,
				9CE7006624B07A75001E4488 /* 35866.mp4 */,
				9CE7006924B07A75001E4488 /* 35881.mp4 */,
				9CE7006724B07A75001E4488 /* 41170.mp4 */,
			);
			path = Video;
			sourceTree = "<group>";
		};
		9CE7008324B07AB6001E4488 /* Service */ = {
			isa = PBXGroup;
			children = (
				9CE7008424B07AB6001E4488 /* VideoService.swift */,
			);
			path = Service;
			sourceTree = "<group>";
		};
		9CEE727B24AADC2E00F649EC /* Frameworks */ = {
			isa = PBXGroup;
			children = (
				9CEE727C24AADC2E00F649EC /* ProModule.framework */,
			);
			name = Frameworks;
			sourceTree = "<group>";
		};
		9CEE728F24AAE46200F649EC /* App */ = {
			isa = PBXGroup;
			children = (
				9C4437AF24AAD8A2002A0BFA /* AppDelegate.swift */,
				9C4437B124AAD8A2002A0BFA /* SceneDelegate.swift */,
				9CEE729024AAE48300F649EC /* AppComponent.swift */,
			);
			path = App;
			sourceTree = "<group>";
		};
		9CEE729224AAE4A600F649EC /* Scene */ = {
			isa = PBXGroup;
			children = (
				9CEE729324AAE4BE00F649EC /* Root */,
				9CC3E52824ACAC6F003EE1AF /* Splash */,
				9CC3E50F24AB6B52003EE1AF /* MainTab */,
				9CC3E51A24AC281D003EE1AF /* Home */,
			);
			path = Scene;
			sourceTree = "<group>";
		};
		9CEE729324AAE4BE00F649EC /* Root */ = {
			isa = PBXGroup;
			children = (
				9CEE729424AAE50700F649EC /* RootRouter.swift */,
				9CEE729724AAE50700F649EC /* RootInteractor.swift */,
				9CEE729624AAE50700F649EC /* RootBuilder.swift */,
				9CEE729524AAE50700F649EC /* RootViewController.swift */,
				9CC3E51824AB6B61003EE1AF /* RootComponent+MainTab.swift */,
				9CC3E53124ACAC9F003EE1AF /* RootComponent+Splash.swift */,
			);
			path = Root;
			sourceTree = "<group>";
		};
/* End PBXGroup section */

/* Begin PBXNativeTarget section */
		9C4437AB24AAD8A2002A0BFA /* YoutubeExample */ = {
			isa = PBXNativeTarget;
			buildConfigurationList = 9C4437C024AAD8A4002A0BFA /* Build configuration list for PBXNativeTarget "YoutubeExample" */;
			buildPhases = (
				9C4437A824AAD8A2002A0BFA /* Sources */,
				9C4437A924AAD8A2002A0BFA /* Frameworks */,
				9C4437AA24AAD8A2002A0BFA /* Resources */,
				9CEE727F24AADC2E00F649EC /* Embed Frameworks */,
			);
			buildRules = (
			);
			dependencies = (
			);
			name = YoutubeExample;
			productName = YoutubeExample;
			productReference = 9C4437AC24AAD8A2002A0BFA /* YoutubeExample.app */;
			productType = "com.apple.product-type.application";
		};
/* End PBXNativeTarget section */

/* Begin PBXProject section */
		9C4437A424AAD8A2002A0BFA /* Project object */ = {
			isa = PBXProject;
			attributes = {
				LastSwiftUpdateCheck = 1150;
				LastUpgradeCheck = 1150;
				ORGANIZATIONNAME = Soso;
				TargetAttributes = {
					9C4437AB24AAD8A2002A0BFA = {
						CreatedOnToolsVersion = 11.5;
					};
				};
			};
			buildConfigurationList = 9C4437A724AAD8A2002A0BFA /* Build configuration list for PBXProject "YoutubeExample" */;
			compatibilityVersion = "Xcode 9.3";
			developmentRegion = en;
			hasScannedForEncodings = 0;
			knownRegions = (
				en,
				Base,
			);
			mainGroup = 9C4437A324AAD8A2002A0BFA;
			productRefGroup = 9C4437AD24AAD8A2002A0BFA /* Products */;
			projectDirPath = "";
			projectRoot = "";
			targets = (
				9C4437AB24AAD8A2002A0BFA /* YoutubeExample */,
			);
		};
/* End PBXProject section */

/* Begin PBXResourcesBuildPhase section */
		9C4437AA24AAD8A2002A0BFA /* Resources */ = {
			isa = PBXResourcesBuildPhase;
			buildActionMask = 2147483647;
			files = (
				9CE7006D24B07A79001E4488 /* 21475.mp4 in Resources */,
				9C4437BC24AAD8A4002A0BFA /* LaunchScreen.storyboard in Resources */,
				9CE7008224B07A89001E4488 /* 35866.png in Resources */,
				9CE7007124B07A79001E4488 /* 35881.mp4 in Resources */,
				9C4437B924AAD8A4002A0BFA /* Assets.xcassets in Resources */,
				9CE7007C24B07A89001E4488 /* 25445.png in Resources */,
				9CE7006C24B07A79001E4488 /* 10001.mp4 in Resources */,
				9CE7007F24B07A89001E4488 /* 41170.png in Resources */,
				9CE7007E24B07A89001E4488 /* 10001.png in Resources */,
				9CE7007024B07A79001E4488 /* 35866.mp4 in Resources */,
				9CE7007B24B07A89001E4488 /* 35881.png in Resources */,
				9CE7006F24B07A79001E4488 /* 28368.mp4 in Resources */,
				9CE7006E24B07A79001E4488 /* 25445.mp4 in Resources */,
				9CE7006B24B07A79001E4488 /* 5317.mp4 in Resources */,
				9CE7007224B07A79001E4488 /* 41170.mp4 in Resources */,
				9CE7007D24B07A89001E4488 /* 28368.png in Resources */,
				9CE7008024B07A89001E4488 /* 21475.png in Resources */,
				9CE7008124B07A89001E4488 /* 5317.png in Resources */,
			);
			runOnlyForDeploymentPostprocessing = 0;
		};
/* End PBXResourcesBuildPhase section */

/* Begin PBXSourcesBuildPhase section */
		9C4437A824AAD8A2002A0BFA /* Sources */ = {
			isa = PBXSourcesBuildPhase;
			buildActionMask = 2147483647;
			files = (
				9CC3E51924AB6B62003EE1AF /* RootComponent+MainTab.swift in Sources */,
				9C0FC7BF24B185C00063F002 /* VideoCell.swift in Sources */,
				9CC3E51424AB6B52003EE1AF /* MainTabBuilder.swift in Sources */,
				9CFDA61724B40C2C00097BF0 /* BaseViewController.swift in Sources */,
				9CC3E52D24ACAC82003EE1AF /* SplashRouter.swift in Sources */,
				9CEE729A24AAE50700F649EC /* RootBuilder.swift in Sources */,
				9CE7008724B07ABB001E4488 /* Video.swift in Sources */,
				9C7434AE24AED5C500479D52 /* NavigationBar.swift in Sources */,
				9CC3E53624AD7838003EE1AF /* UINavigationController+.swift in Sources */,
				9CC3E53024ACAC82003EE1AF /* SplashInteractor.swift in Sources */,
				9CC3E52F24ACAC82003EE1AF /* SplashBuilder.swift in Sources */,
				9CEE729824AAE50700F649EC /* RootRouter.swift in Sources */,
				9CC3E52024AC2850003EE1AF /* HomeViewController.swift in Sources */,
				9CEE729924AAE50700F649EC /* RootViewController.swift in Sources */,
				9CC3E52424AC286F003EE1AF /* MainTabComponent+Home.swift in Sources */,
				9CC3E51524AB6B52003EE1AF /* MainTabInteractor.swift in Sources */,
				9CE7008524B07AB6001E4488 /* VideoService.swift in Sources */,
				9CC3E51624AB6B52003EE1AF /* MainTabViewController.swift in Sources */,
				9CB05E6824B194E200500EDC /* VideoCellReactor.swift in Sources */,
				9CEF7AFD24B5FC59008A95A2 /* CustomActivityIndicator.swift in Sources */,
				9CEE729124AAE48300F649EC /* AppComponent.swift in Sources */,
				9CC3E51F24AC2850003EE1AF /* HomeRouter.swift in Sources */,
				9C7434B024AEDC2800479D52 /* HighlightingButton.swift in Sources */,
				9C4437B024AAD8A2002A0BFA /* AppDelegate.swift in Sources */,
				9CC3E52124AC2850003EE1AF /* HomeBuilder.swift in Sources */,
				9CC3E53224ACAC9F003EE1AF /* RootComponent+Splash.swift in Sources */,
				9CEE729B24AAE50700F649EC /* RootInteractor.swift in Sources */,
				9C4437B224AAD8A2002A0BFA /* SceneDelegate.swift in Sources */,
				9CC3E51724AB6B52003EE1AF /* MainTabRouter.swift in Sources */,
				9CC3E52224AC2850003EE1AF /* HomeInteractor.swift in Sources */,
				9CB05E6A24B196C600500EDC /* BaseTableViewCell.swift in Sources */,
				9CC3E52E24ACAC82003EE1AF /* SplashViewController.swift in Sources */,
			);
			runOnlyForDeploymentPostprocessing = 0;
		};
/* End PBXSourcesBuildPhase section */

/* Begin PBXVariantGroup section */
		9C4437BA24AAD8A4002A0BFA /* LaunchScreen.storyboard */ = {
			isa = PBXVariantGroup;
			children = (
				9C4437BB24AAD8A4002A0BFA /* Base */,
			);
			name = LaunchScreen.storyboard;
			sourceTree = "<group>";
		};
/* End PBXVariantGroup section */

/* Begin XCBuildConfiguration section */
		9C4437BE24AAD8A4002A0BFA /* Debug */ = {
			isa = XCBuildConfiguration;
			buildSettings = {
				ALWAYS_SEARCH_USER_PATHS = NO;
				CLANG_ANALYZER_NONNULL = YES;
				CLANG_ANALYZER_NUMBER_OBJECT_CONVERSION = YES_AGGRESSIVE;
				CLANG_CXX_LANGUAGE_STANDARD = "gnu++14";
				CLANG_CXX_LIBRARY = "libc++";
				CLANG_ENABLE_MODULES = YES;
				CLANG_ENABLE_OBJC_ARC = YES;
				CLANG_ENABLE_OBJC_WEAK = YES;
				CLANG_WARN_BLOCK_CAPTURE_AUTORELEASING = YES;
				CLANG_WARN_BOOL_CONVERSION = YES;
				CLANG_WARN_COMMA = YES;
				CLANG_WARN_CONSTANT_CONVERSION = YES;
				CLANG_WARN_DEPRECATED_OBJC_IMPLEMENTATIONS = YES;
				CLANG_WARN_DIRECT_OBJC_ISA_USAGE = YES_ERROR;
				CLANG_WARN_DOCUMENTATION_COMMENTS = YES;
				CLANG_WARN_EMPTY_BODY = YES;
				CLANG_WARN_ENUM_CONVERSION = YES;
				CLANG_WARN_INFINITE_RECURSION = YES;
				CLANG_WARN_INT_CONVERSION = YES;
				CLANG_WARN_NON_LITERAL_NULL_CONVERSION = YES;
				CLANG_WARN_OBJC_IMPLICIT_RETAIN_SELF = YES;
				CLANG_WARN_OBJC_LITERAL_CONVERSION = YES;
				CLANG_WARN_OBJC_ROOT_CLASS = YES_ERROR;
				CLANG_WARN_RANGE_LOOP_ANALYSIS = YES;
				CLANG_WARN_STRICT_PROTOTYPES = YES;
				CLANG_WARN_SUSPICIOUS_MOVE = YES;
				CLANG_WARN_UNGUARDED_AVAILABILITY = YES_AGGRESSIVE;
				CLANG_WARN_UNREACHABLE_CODE = YES;
				CLANG_WARN__DUPLICATE_METHOD_MATCH = YES;
				COPY_PHASE_STRIP = NO;
				DEBUG_INFORMATION_FORMAT = dwarf;
				ENABLE_STRICT_OBJC_MSGSEND = YES;
				ENABLE_TESTABILITY = YES;
				GCC_C_LANGUAGE_STANDARD = gnu11;
				GCC_DYNAMIC_NO_PIC = NO;
				GCC_NO_COMMON_BLOCKS = YES;
				GCC_OPTIMIZATION_LEVEL = 0;
				GCC_PREPROCESSOR_DEFINITIONS = (
					"DEBUG=1",
					"$(inherited)",
				);
				GCC_WARN_64_TO_32_BIT_CONVERSION = YES;
				GCC_WARN_ABOUT_RETURN_TYPE = YES_ERROR;
				GCC_WARN_UNDECLARED_SELECTOR = YES;
				GCC_WARN_UNINITIALIZED_AUTOS = YES_AGGRESSIVE;
				GCC_WARN_UNUSED_FUNCTION = YES;
				GCC_WARN_UNUSED_VARIABLE = YES;
				IPHONEOS_DEPLOYMENT_TARGET = 13.5;
				MTL_ENABLE_DEBUG_INFO = INCLUDE_SOURCE;
				MTL_FAST_MATH = YES;
				ONLY_ACTIVE_ARCH = YES;
				SDKROOT = iphoneos;
				SWIFT_ACTIVE_COMPILATION_CONDITIONS = DEBUG;
				SWIFT_OPTIMIZATION_LEVEL = "-Onone";
			};
			name = Debug;
		};
		9C4437BF24AAD8A4002A0BFA /* Release */ = {
			isa = XCBuildConfiguration;
			buildSettings = {
				ALWAYS_SEARCH_USER_PATHS = NO;
				CLANG_ANALYZER_NONNULL = YES;
				CLANG_ANALYZER_NUMBER_OBJECT_CONVERSION = YES_AGGRESSIVE;
				CLANG_CXX_LANGUAGE_STANDARD = "gnu++14";
				CLANG_CXX_LIBRARY = "libc++";
				CLANG_ENABLE_MODULES = YES;
				CLANG_ENABLE_OBJC_ARC = YES;
				CLANG_ENABLE_OBJC_WEAK = YES;
				CLANG_WARN_BLOCK_CAPTURE_AUTORELEASING = YES;
				CLANG_WARN_BOOL_CONVERSION = YES;
				CLANG_WARN_COMMA = YES;
				CLANG_WARN_CONSTANT_CONVERSION = YES;
				CLANG_WARN_DEPRECATED_OBJC_IMPLEMENTATIONS = YES;
				CLANG_WARN_DIRECT_OBJC_ISA_USAGE = YES_ERROR;
				CLANG_WARN_DOCUMENTATION_COMMENTS = YES;
				CLANG_WARN_EMPTY_BODY = YES;
				CLANG_WARN_ENUM_CONVERSION = YES;
				CLANG_WARN_INFINITE_RECURSION = YES;
				CLANG_WARN_INT_CONVERSION = YES;
				CLANG_WARN_NON_LITERAL_NULL_CONVERSION = YES;
				CLANG_WARN_OBJC_IMPLICIT_RETAIN_SELF = YES;
				CLANG_WARN_OBJC_LITERAL_CONVERSION = YES;
				CLANG_WARN_OBJC_ROOT_CLASS = YES_ERROR;
				CLANG_WARN_RANGE_LOOP_ANALYSIS = YES;
				CLANG_WARN_STRICT_PROTOTYPES = YES;
				CLANG_WARN_SUSPICIOUS_MOVE = YES;
				CLANG_WARN_UNGUARDED_AVAILABILITY = YES_AGGRESSIVE;
				CLANG_WARN_UNREACHABLE_CODE = YES;
				CLANG_WARN__DUPLICATE_METHOD_MATCH = YES;
				COPY_PHASE_STRIP = NO;
				DEBUG_INFORMATION_FORMAT = "dwarf-with-dsym";
				ENABLE_NS_ASSERTIONS = NO;
				ENABLE_STRICT_OBJC_MSGSEND = YES;
				GCC_C_LANGUAGE_STANDARD = gnu11;
				GCC_NO_COMMON_BLOCKS = YES;
				GCC_WARN_64_TO_32_BIT_CONVERSION = YES;
				GCC_WARN_ABOUT_RETURN_TYPE = YES_ERROR;
				GCC_WARN_UNDECLARED_SELECTOR = YES;
				GCC_WARN_UNINITIALIZED_AUTOS = YES_AGGRESSIVE;
				GCC_WARN_UNUSED_FUNCTION = YES;
				GCC_WARN_UNUSED_VARIABLE = YES;
				IPHONEOS_DEPLOYMENT_TARGET = 13.5;
				MTL_ENABLE_DEBUG_INFO = NO;
				MTL_FAST_MATH = YES;
				SDKROOT = iphoneos;
				SWIFT_COMPILATION_MODE = wholemodule;
				SWIFT_OPTIMIZATION_LEVEL = "-O";
				VALIDATE_PRODUCT = YES;
			};
			name = Release;
		};
		9C4437C124AAD8A4002A0BFA /* Debug */ = {
			isa = XCBuildConfiguration;
			buildSettings = {
				ASSETCATALOG_COMPILER_APPICON_NAME = AppIcon;
				CODE_SIGN_STYLE = Automatic;
				DEVELOPMENT_TEAM = PA8R36ZNU9;
				INFOPLIST_FILE = YoutubeExample/Info.plist;
				LD_RUNPATH_SEARCH_PATHS = (
					"$(inherited)",
					"@executable_path/Frameworks",
				);
				PRODUCT_BUNDLE_IDENTIFIER = com.soso.YoutubeExample;
				PRODUCT_NAME = "$(TARGET_NAME)";
				SWIFT_VERSION = 5.0;
				TARGETED_DEVICE_FAMILY = "1,2";
			};
			name = Debug;
		};
		9C4437C224AAD8A4002A0BFA /* Release */ = {
			isa = XCBuildConfiguration;
			buildSettings = {
				ASSETCATALOG_COMPILER_APPICON_NAME = AppIcon;
				CODE_SIGN_STYLE = Automatic;
				DEVELOPMENT_TEAM = PA8R36ZNU9;
				INFOPLIST_FILE = YoutubeExample/Info.plist;
				LD_RUNPATH_SEARCH_PATHS = (
					"$(inherited)",
					"@executable_path/Frameworks",
				);
				PRODUCT_BUNDLE_IDENTIFIER = com.soso.YoutubeExample;
				PRODUCT_NAME = "$(TARGET_NAME)";
				SWIFT_VERSION = 5.0;
				TARGETED_DEVICE_FAMILY = "1,2";
			};
			name = Release;
		};
/* End XCBuildConfiguration section */

/* Begin XCConfigurationList section */
		9C4437A724AAD8A2002A0BFA /* Build configuration list for PBXProject "YoutubeExample" */ = {
			isa = XCConfigurationList;
			buildConfigurations = (
				9C4437BE24AAD8A4002A0BFA /* Debug */,
				9C4437BF24AAD8A4002A0BFA /* Release */,
			);
			defaultConfigurationIsVisible = 0;
			defaultConfigurationName = Release;
		};
		9C4437C024AAD8A4002A0BFA /* Build configuration list for PBXNativeTarget "YoutubeExample" */ = {
			isa = XCConfigurationList;
			buildConfigurations = (
				9C4437C124AAD8A4002A0BFA /* Debug */,
				9C4437C224AAD8A4002A0BFA /* Release */,
			);
			defaultConfigurationIsVisible = 0;
			defaultConfigurationName = Release;
		};
/* End XCConfigurationList section */
	};
	rootObject = 9C4437A424AAD8A2002A0BFA /* Project object */;
}
